
Microsoft Visual Studio Solution File, Format Version 12.00
# Visual Studio Version 16
VisualStudioVersion = 16.0.30002.166
MinimumVisualStudioVersion = 10.0.40219.1
Project("{9A19103F-16F7-4668-BE54-9A1E7A4F7556}") = "TestApi", "TestApi\TestApi.csproj", "{A8F09601-A19C-47EE-A335-808EA804F8C3}"
EndProject
Project("{FAE04EC0-301F-11D3-BF4B-00C04F79EFBC}") = "ProfileData", "ProfileData\ProfileData.csproj", "{103EC0DD-C084-4D9D-B8D6-3DED60A53E25}"
EndProject
Global
	GlobalSection(SolutionConfigurationPlatforms) = preSolution
		Debug|Any CPU = Debug|Any CPU
		Release|Any CPU = Release|Any CPU
	EndGlobalSection
	GlobalSection(ProjectConfigurationPlatforms) = postSolution
		{A8F09601-A19C-47EE-A335-808EA804F8C3}.Debug|Any CPU.ActiveCfg = Debug|Any CPU
		{A8F09601-A19C-47EE-A335-808EA804F8C3}.Debug|Any CPU.Build.0 = Debug|Any CPU
		{A8F09601-A19C-47EE-A335-808EA804F8C3}.Release|Any CPU.ActiveCfg = Release|Any CPU
		{A8F09601-A19C-47EE-A335-808EA804F8C3}.Release|Any CPU.Build.0 = Release|Any CPU
		{103EC0DD-C084-4D9D-B8D6-3DED60A53E25}.Debug|Any CPU.ActiveCfg = Debug|Any CPU
		{103EC0DD-C084-4D9D-B8D6-3DED60A53E25}.Debug|Any CPU.Build.0 = Debug|Any CPU
		{103EC0DD-C084-4D9D-B8D6-3DED60A53E25}.Release|Any CPU.ActiveCfg = Release|Any CPU
		{103EC0DD-C084-4D9D-B8D6-3DED60A53E25}.Release|Any CPU.Build.0 = Release|Any CPU
	EndGlobalSection
	GlobalSection(SolutionProperties) = preSolution
		HideSolutionNode = FALSE
	EndGlobalSection
	GlobalSection(ExtensibilityGlobals) = postSolution
		SolutionGuid = {7A66BF71-8EF6-446E-BD2E-70279DE55307}
	EndGlobalSection
EndGlobal
